# This file is @generated by PDM.
# It is not intended for manual editing.

[metadata]
groups = ["default"]
strategy = ["inherit_metadata"]
lock_version = "4.5.0"
content_hash = "sha256:574bd4c09781ef03993cca6b78996248c9686c5ea81b8e4287fad8cba55cd72c"

[[metadata.targets]]
requires_python = ">=3.12"

[[package]]
name = "info-gianlucacosta-iris"
version = "4.0.1"
requires_python = ">=3.6.2,<4.0.0"
summary = "General-purpose library for Python"
groups = ["default"]
files = [
    {file = "info.gianlucacosta.iris-4.0.1-py3-none-any.whl", hash = "sha256:251d8e97e92f4f27ad6a7e8e8bbdd21d0d41709bb37a5213947386703e73dd1e"},
    {file = "info.gianlucacosta.iris-4.0.1.tar.gz", hash = "sha256:17e0c4ccd6160c22ccfe2076b2f7eb66a235580a9a69c7f706509d682b45183b"},
]
